
Microsoft Visual Studio Solution File, Format Version 12.00
# Visual Studio 15
VisualStudioVersion = 15.0.28010.2003
MinimumVisualStudioVersion = 10.0.40219.1
Project("{FAE04EC0-301F-11D3-BF4B-00C04F79EFBC}") = "Now-Playing", "ConsoleApp4\Now-Playing.csproj", "{95CAB0A7-4A2F-4B59-A3C9-7E19635E4538}"
EndProject
Global
	GlobalSection(SolutionConfigurationPlatforms) = preSolution
		Debug|Any CPU = Debug|Any CPU
		Release|Any CPU = Release|Any CPU
	EndGlobalSection
	GlobalSection(ProjectConfigurationPlatforms) = postSolution
		{95CAB0A7-4A2F-4B59-A3C9-7E19635E4538}.Debug|Any CPU.ActiveCfg = Debug|Any CPU
		{95CAB0A7-4A2F-4B59-A3C9-7E19635E4538}.Debug|Any CPU.Build.0 = Debug|Any CPU
		{95CAB0A7-4A2F-4B59-A3C9-7E19635E4538}.Release|Any CPU.ActiveCfg = Release|Any CPU
		{95CAB0A7-4A2F-4B59-A3C9-7E19635E4538}.Release|Any CPU.Build.0 = Release|Any CPU
	EndGlobalSection
	GlobalSection(SolutionProperties) = preSolution
		HideSolutionNode = FALSE
	EndGlobalSection
	GlobalSection(ExtensibilityGlobals) = postSolution
		SolutionGuid = {2F46A3A7-3D47-4C9A-9C4A-72796FF9CD78}
	EndGlobalSection
EndGlobal
