
Microsoft Visual Studio Solution File, Format Version 12.00
# Visual Studio Version 16
VisualStudioVersion = 16.0.28527.54
MinimumVisualStudioVersion = 10.0.40219.1
Project("{FAE04EC0-301F-11D3-BF4B-00C04F79EFBC}") = "NowPlaying.Wpf", "NowPlaying.Wpf\NowPlaying.Wpf.csproj", "{2290CCD9-1A1F-4475-A1A5-1FA8BC392BDC}"
EndProject
Project("{9A19103F-16F7-4668-BE54-9A1E7A4F7556}") = "NowPlaying.Core", "NowPlaying.Core\NowPlaying.Core.csproj", "{39E6A1B8-E1B4-4051-A2EF-C51495778F7A}"
EndProject
Project("{9A19103F-16F7-4668-BE54-9A1E7A4F7556}") = "NowPlaying.Cli", "NowPlaying.Cli\NowPlaying.Cli.csproj", "{618C1B36-185D-4CA2-9AD9-F11EF18158FA}"
EndProject
Global
	GlobalSection(SolutionConfigurationPlatforms) = preSolution
		Debug|x86 = Debug|x86
		Release|x86 = Release|x86
	EndGlobalSection
	GlobalSection(ProjectConfigurationPlatforms) = postSolution
		{2290CCD9-1A1F-4475-A1A5-1FA8BC392BDC}.Debug|x86.ActiveCfg = Debug|x86
		{2290CCD9-1A1F-4475-A1A5-1FA8BC392BDC}.Debug|x86.Build.0 = Debug|x86
		{2290CCD9-1A1F-4475-A1A5-1FA8BC392BDC}.Release|x86.ActiveCfg = Release|x86
		{2290CCD9-1A1F-4475-A1A5-1FA8BC392BDC}.Release|x86.Build.0 = Release|x86
		{39E6A1B8-E1B4-4051-A2EF-C51495778F7A}.Debug|x86.ActiveCfg = Debug|Any CPU
		{39E6A1B8-E1B4-4051-A2EF-C51495778F7A}.Debug|x86.Build.0 = Debug|Any CPU
		{39E6A1B8-E1B4-4051-A2EF-C51495778F7A}.Release|x86.ActiveCfg = Release|Any CPU
		{39E6A1B8-E1B4-4051-A2EF-C51495778F7A}.Release|x86.Build.0 = Release|Any CPU
		{618C1B36-185D-4CA2-9AD9-F11EF18158FA}.Debug|x86.ActiveCfg = Debug|Any CPU
		{618C1B36-185D-4CA2-9AD9-F11EF18158FA}.Debug|x86.Build.0 = Debug|Any CPU
		{618C1B36-185D-4CA2-9AD9-F11EF18158FA}.Release|x86.ActiveCfg = Release|Any CPU
		{618C1B36-185D-4CA2-9AD9-F11EF18158FA}.Release|x86.Build.0 = Release|Any CPU
	EndGlobalSection
	GlobalSection(SolutionProperties) = preSolution
		HideSolutionNode = FALSE
	EndGlobalSection
	GlobalSection(ExtensibilityGlobals) = postSolution
		SolutionGuid = {E45031FF-0D8F-42FB-82C0-8E1463E48F5D}
	EndGlobalSection
EndGlobal
