
Microsoft Visual Studio Solution File, Format Version 12.00
# Visual Studio Version 16
VisualStudioVersion = 16.0.28527.54
MinimumVisualStudioVersion = 10.0.40219.1
Project("{9A19103F-16F7-4668-BE54-9A1E7A4F7556}") = "NowPlaying.Core", "NowPlaying.Core\NowPlaying.Core.csproj", "{39E6A1B8-E1B4-4051-A2EF-C51495778F7A}"
EndProject
Project("{9A19103F-16F7-4668-BE54-9A1E7A4F7556}") = "NowPlaying.Cli", "NowPlaying.Cli\NowPlaying.Cli.csproj", "{618C1B36-185D-4CA2-9AD9-F11EF18158FA}"
EndProject
Project("{9A19103F-16F7-4668-BE54-9A1E7A4F7556}") = "NowPlaying.Wpf", "NowPlaying.Wpf\NowPlaying.Wpf.csproj", "{A9EC332D-78A2-4E6F-9D43-253115129C0E}"
EndProject
Global
	GlobalSection(SolutionConfigurationPlatforms) = preSolution
		Debug|Any CPU = Debug|Any CPU
		Debug|x64 = Debug|x64
		Debug|x86 = Debug|x86
		Release|Any CPU = Release|Any CPU
		Release|x64 = Release|x64
		Release|x86 = Release|x86
	EndGlobalSection
	GlobalSection(ProjectConfigurationPlatforms) = postSolution
		{39E6A1B8-E1B4-4051-A2EF-C51495778F7A}.Debug|Any CPU.ActiveCfg = Debug|Any CPU
		{39E6A1B8-E1B4-4051-A2EF-C51495778F7A}.Debug|Any CPU.Build.0 = Debug|Any CPU
		{39E6A1B8-E1B4-4051-A2EF-C51495778F7A}.Debug|x64.ActiveCfg = Debug|x64
		{39E6A1B8-E1B4-4051-A2EF-C51495778F7A}.Debug|x64.Build.0 = Debug|x64
		{39E6A1B8-E1B4-4051-A2EF-C51495778F7A}.Debug|x86.ActiveCfg = Debug|Any CPU
		{39E6A1B8-E1B4-4051-A2EF-C51495778F7A}.Debug|x86.Build.0 = Debug|Any CPU
		{39E6A1B8-E1B4-4051-A2EF-C51495778F7A}.Release|Any CPU.ActiveCfg = Release|Any CPU
		{39E6A1B8-E1B4-4051-A2EF-C51495778F7A}.Release|Any CPU.Build.0 = Release|Any CPU
		{39E6A1B8-E1B4-4051-A2EF-C51495778F7A}.Release|x64.ActiveCfg = Release|x64
		{39E6A1B8-E1B4-4051-A2EF-C51495778F7A}.Release|x64.Build.0 = Release|x64
		{39E6A1B8-E1B4-4051-A2EF-C51495778F7A}.Release|x86.ActiveCfg = Release|Any CPU
		{39E6A1B8-E1B4-4051-A2EF-C51495778F7A}.Release|x86.Build.0 = Release|Any CPU
		{618C1B36-185D-4CA2-9AD9-F11EF18158FA}.Debug|Any CPU.ActiveCfg = Debug|Any CPU
		{618C1B36-185D-4CA2-9AD9-F11EF18158FA}.Debug|Any CPU.Build.0 = Debug|Any CPU
		{618C1B36-185D-4CA2-9AD9-F11EF18158FA}.Debug|x64.ActiveCfg = Debug|x64
		{618C1B36-185D-4CA2-9AD9-F11EF18158FA}.Debug|x64.Build.0 = Debug|x64
		{618C1B36-185D-4CA2-9AD9-F11EF18158FA}.Debug|x86.ActiveCfg = Debug|Any CPU
		{618C1B36-185D-4CA2-9AD9-F11EF18158FA}.Debug|x86.Build.0 = Debug|Any CPU
		{618C1B36-185D-4CA2-9AD9-F11EF18158FA}.Release|Any CPU.ActiveCfg = Release|Any CPU
		{618C1B36-185D-4CA2-9AD9-F11EF18158FA}.Release|Any CPU.Build.0 = Release|Any CPU
		{618C1B36-185D-4CA2-9AD9-F11EF18158FA}.Release|x64.ActiveCfg = Release|x64
		{618C1B36-185D-4CA2-9AD9-F11EF18158FA}.Release|x64.Build.0 = Release|x64
		{618C1B36-185D-4CA2-9AD9-F11EF18158FA}.Release|x86.ActiveCfg = Release|Any CPU
		{618C1B36-185D-4CA2-9AD9-F11EF18158FA}.Release|x86.Build.0 = Release|Any CPU
		{A9EC332D-78A2-4E6F-9D43-253115129C0E}.Debug|Any CPU.ActiveCfg = Debug|Any CPU
		{A9EC332D-78A2-4E6F-9D43-253115129C0E}.Debug|Any CPU.Build.0 = Debug|Any CPU
		{A9EC332D-78A2-4E6F-9D43-253115129C0E}.Debug|x64.ActiveCfg = Debug|Any CPU
		{A9EC332D-78A2-4E6F-9D43-253115129C0E}.Debug|x64.Build.0 = Debug|Any CPU
		{A9EC332D-78A2-4E6F-9D43-253115129C0E}.Debug|x86.ActiveCfg = Debug|Any CPU
		{A9EC332D-78A2-4E6F-9D43-253115129C0E}.Debug|x86.Build.0 = Debug|Any CPU
		{A9EC332D-78A2-4E6F-9D43-253115129C0E}.Release|Any CPU.ActiveCfg = Release|Any CPU
		{A9EC332D-78A2-4E6F-9D43-253115129C0E}.Release|Any CPU.Build.0 = Release|Any CPU
		{A9EC332D-78A2-4E6F-9D43-253115129C0E}.Release|x64.ActiveCfg = Release|Any CPU
		{A9EC332D-78A2-4E6F-9D43-253115129C0E}.Release|x64.Build.0 = Release|Any CPU
		{A9EC332D-78A2-4E6F-9D43-253115129C0E}.Release|x86.ActiveCfg = Release|Any CPU
		{A9EC332D-78A2-4E6F-9D43-253115129C0E}.Release|x86.Build.0 = Release|Any CPU
	EndGlobalSection
	GlobalSection(SolutionProperties) = preSolution
		HideSolutionNode = FALSE
	EndGlobalSection
	GlobalSection(ExtensibilityGlobals) = postSolution
		SolutionGuid = {E45031FF-0D8F-42FB-82C0-8E1463E48F5D}
	EndGlobalSection
EndGlobal
